<?xml version="1.0" encoding="UTF-8" standalone="yes" ?>
<CodeBlocks_project_file>
	<FileVersion major="1" minor="6" />
	<Project>
		<Option title="NetmapSFML" />
		<Option pch_mode="2" />
		<Option compiler="gcc" />
		<Build>
			<Target title="Debug">
				<Option output="bin/Debug/NetmapSFML" prefix_auto="1" extension_auto="1" />
				<Option object_output="obj/Debug/" />
				<Option type="1" />
				<Option compiler="gcc" />
				<Compiler>
					<Add option="-g" />
					<Add directory="SFML_Libraries/include" />
					<Add directory="include" />
				</Compiler>
				<Linker>
					<Add library="SFML_Libraries/lib/libsfml-audio-d.a" />
					<Add library="SFML_Libraries/lib/libsfml-graphics-d.a" />
					<Add library="SFML_Libraries/lib/libsfml-window-d.a" />
					<Add library="SFML_Libraries/lib/libsfml-system-d.a" />
					<Add directory="SFML_Libraries/lib" />
				</Linker>
			</Target>
			<Target title="Release">
				<Option output="bin/Release/SFMLTemplate" prefix_auto="1" extension_auto="1" />
				<Option object_output="obj/Release/" />
				<Option type="1" />
				<Option compiler="gcc" />
				<Compiler>
					<Add option="-O2" />
					<Add directory="SFML_Libraries/include" />
					<Add directory="include" />
				</Compiler>
				<Linker>
					<Add option="-s" />
					<Add library="SFML_Libraries/lib/libsfml-audio.a" />
					<Add library="SFML_Libraries/lib/libsfml-graphics.a" />
					<Add library="SFML_Libraries/lib/libsfml-window.a" />
					<Add library="SFML_Libraries/lib/libsfml-system.a" />
					<Add directory="SFML_Libraries/lib" />
				</Linker>
			</Target>
		</Build>
		<Compiler>
			<Add option="-Wall" />
			<Add option="-std=c++14" />
			<Add option="-fexceptions" />
			<Add directory="SFML_Libraries/include" />
		</Compiler>
		<Linker>
			<Add directory="SFML_Libraries/lib" />
		</Linker>
		<Unit filename="include/databattle.h" />
		<Unit filename="include/databattleeditor.h" />
		<Unit filename="include/databattlepiece.h" />
		<Unit filename="include/hud.h" />
		<Unit filename="include/inputbox.h" />
		<Unit filename="include/netmap_playable.h" />
		<Unit filename="include/player.h" />
		<Unit filename="include/program.h" />
		<Unit filename="include/programaction.h" />
		<Unit filename="include/programsector.h" />
		<Unit filename="include/textinputbox.h" />
		<Unit filename="include/titlescreen.h" />
		<Unit filename="include/toolbox.h" />
		<Unit filename="main.cpp" />
		<Unit filename="src/databattle.cpp" />
		<Unit filename="src/databattleeditor.cpp" />
		<Unit filename="src/databattlepiece.cpp" />
		<Unit filename="src/hud.cpp" />
		<Unit filename="src/inputbox.cpp" />
		<Unit filename="src/netmap_playable.cpp" />
		<Unit filename="src/player.cpp" />
		<Unit filename="src/program.cpp" />
		<Unit filename="src/programaction.cpp" />
		<Unit filename="src/programsector.cpp" />
		<Unit filename="src/textinputbox.cpp" />
		<Unit filename="src/titlescreen.cpp" />
		<Unit filename="src/toolbox.cpp" />
		<Extensions>
			<code_completion />
			<envvars />
			<debugger />
		</Extensions>
	</Project>
</CodeBlocks_project_file>
