<?xml version="1.0" encoding="UTF-8" standalone="yes" ?>
<CodeBlocks_project_file>
	<FileVersion major="1" minor="6" />
	<Project>
		<Option title="NetmapSFML" />
		<Option pch_mode="2" />
		<Option compiler="gcc" />
		<Option show_notes="0">
			<notes>
				<![CDATA[NetmapSFML build instructions: 

Before building the executable, you must either supply your own compiled SFML libraries or build them yourself. If you are using your own, then just copy them to 'sfml/lib', and if you want to build them yourself, then run the 'build_sfml.bat' script. 

Note: When building SFML yourself, you must have Bash, CMake, and this version of MinGW (https://sourceforge.net/projects/mingw-w64/files/Toolchains%20targetting%20Win32/Personal%20Builds/mingw-builds/7.3.0/threads-posix/dwarf/i686-7.3.0-release-posix-dwarf-rt_v5-rev0.7z/download) installed and added to the PATH. Also ensure that no other conflicting versions of 'g++' or 'mingw32-make' exist on the PATH. 

After building the executable, you need to copy 'openal32.dll' and the entire Data directory to your executable directory. The file 'openal32.dll' can be found at 'sfml/extlibs/bin/x64/'.]]>
			</notes>
		</Option>
		<Build>
			<Target title="Debug">
				<Option output="bin/Debug/NetmapSFML" prefix_auto="1" extension_auto="1" />
				<Option object_output="obj/Debug/" />
				<Option type="1" />
				<Option compiler="gcc" />
				<Compiler>
					<Add option="-g" />
					<Add directory="include" />
				</Compiler>
				<Linker>
					<Add library="libsfml-audio-s-d.a" />
					<Add library="libsfml-graphics-s-d.a" />
					<Add library="libsfml-window-s-d.a" />
					<Add library="libsfml-network-s-d.a" />
					<Add library="libsfml-system-s-d.a" />
					<Add library="libwinmm.a" />
					<Add library="libopengl32.a" />
					<Add library="libgdi32.a" />
					<Add library="libfreetype.a" />
					<Add library="libopenal32.a" />
					<Add library="libflac.a" />
					<Add library="libvorbisenc.a" />
					<Add library="libvorbisfile.a" />
					<Add library="libvorbis.a" />
					<Add library="libogg.a" />
					<Add library="libws2_32.a" />
					<Add directory="sfml/lib" />
					<Add directory="sfml/extlibs/libs-mingw/x64" />
				</Linker>
			</Target>
			<Target title="Release">
				<Option output="NetmapSFML" prefix_auto="1" extension_auto="1" />
				<Option object_output="obj/Release/" />
				<Option type="1" />
				<Option compiler="gcc" />
				<Compiler>
					<Add option="-O2" />
					<Add directory="include" />
				</Compiler>
				<Linker>
					<Add option="-s" />
					<Add library="libsfml-audio-s.a" />
					<Add library="libsfml-graphics-s.a" />
					<Add library="libsfml-window-s.a" />
					<Add library="libsfml-network-s.a" />
					<Add library="libsfml-system-s.a" />
					<Add library="libwinmm.a" />
					<Add library="libopengl32.a" />
					<Add library="libgdi32.a" />
					<Add library="libfreetype.a" />
					<Add library="libopenal32.a" />
					<Add library="libflac.a" />
					<Add library="libvorbisenc.a" />
					<Add library="libvorbisfile.a" />
					<Add library="libvorbis.a" />
					<Add library="libogg.a" />
					<Add library="libws2_32.a" />
					<Add directory="sfml/lib" />
					<Add directory="sfml/extlibs/libs-mingw/x64" />
				</Linker>
			</Target>
		</Build>
		<Compiler>
			<Add option="-Wall" />
			<Add option="-std=c++14" />
			<Add option="-fexceptions" />
			<Add option="-DSFML_STATIC" />
			<Add directory="sfml/include" />
			<Add directory="include" />
		</Compiler>
		<Linker>
			<Add option="-static" />
			<Add directory="sfml/lib" />
			<Add directory="sfml/extlibs/libs-mingw/x64" />
		</Linker>
		<Unit filename="include/animation.h" />
		<Unit filename="include/animator.h" />
		<Unit filename="include/choiceinputbox.h" />
		<Unit filename="include/databattle.h" />
		<Unit filename="include/databattlepiece.h" />
		<Unit filename="include/databattleplayer.h" />
		<Unit filename="include/inputbox.h" />
		<Unit filename="include/lobby.h" />
		<Unit filename="include/netmap_playable.h" />
		<Unit filename="include/networkdatabattle.h" />
		<Unit filename="include/npc.h" />
		<Unit filename="include/npcanim.h" />
		<Unit filename="include/player.h" />
		<Unit filename="include/program.h" />
		<Unit filename="include/programaction.h" />
		<Unit filename="include/programsector.h" />
		<Unit filename="include/scene.h" />
		<Unit filename="include/sceneentity.h" />
		<Unit filename="include/scenelayer.h" />
		<Unit filename="include/sectorinputbox.h" />
		<Unit filename="include/shopinputbox.h" />
		<Unit filename="include/textinputbox.h" />
		<Unit filename="include/titlescreen.h" />
		<Unit filename="include/toolbox.h" />
		<Unit filename="include/uploadzone.h" />
		<Unit filename="main.cpp" />
		<Unit filename="src/animation.cpp" />
		<Unit filename="src/animator.cpp" />
		<Unit filename="src/choiceinputbox.cpp" />
		<Unit filename="src/databattle.cpp" />
		<Unit filename="src/databattlepiece.cpp" />
		<Unit filename="src/databattleplayer.cpp" />
		<Unit filename="src/inputbox.cpp" />
		<Unit filename="src/lobby.cpp" />
		<Unit filename="src/netmap_playable.cpp" />
		<Unit filename="src/networkdatabattle.cpp" />
		<Unit filename="src/npc.cpp" />
		<Unit filename="src/npcanim.cpp" />
		<Unit filename="src/player.cpp" />
		<Unit filename="src/program.cpp" />
		<Unit filename="src/programaction.cpp" />
		<Unit filename="src/programsector.cpp" />
		<Unit filename="src/scene.cpp" />
		<Unit filename="src/sceneentity.cpp" />
		<Unit filename="src/scenelayer.cpp" />
		<Unit filename="src/sectorinputbox.cpp" />
		<Unit filename="src/shopinputbox.cpp" />
		<Unit filename="src/textinputbox.cpp" />
		<Unit filename="src/titlescreen.cpp" />
		<Unit filename="src/toolbox.cpp" />
		<Unit filename="src/uploadzone.cpp" />
		<Extensions />
	</Project>
</CodeBlocks_project_file>
